
Microsoft Visual Studio Solution File, Format Version 12.00
# Visual Studio 2012
Project("{FAE04EC0-301F-11D3-BF4B-00C04F79EFBC}") = "BigCommerce.RestApi.ConsoleApp", "..\BigCommerceConsole\BigCommerce.RestApi.ConsoleApp.csproj", "{D1ED2A96-8D04-4D05-BB3F-9E3C3B5879D9}"
EndProject
Project("{FAE04EC0-301F-11D3-BF4B-00C04F79EFBC}") = "BigCommerce.RestApi.Core", "..\BigCommerce.RestApi.Core\BigCommerce.RestApi.Core.csproj", "{900D68BB-B387-4818-AB97-768F1D15B0AA}"
EndProject
Project("{2150E333-8FDC-42A3-9474-1A3956D46DE8}") = ".nuget", ".nuget", "{DD043809-403A-4280-900F-49239FE9A0FB}"
	ProjectSection(SolutionItems) = preProject
		.nuget\packages.config = .nuget\packages.config
	EndProjectSection
EndProject
Global
	GlobalSection(SolutionConfigurationPlatforms) = preSolution
		Debug|Any CPU = Debug|Any CPU
		Release|Any CPU = Release|Any CPU
	EndGlobalSection
	GlobalSection(ProjectConfigurationPlatforms) = postSolution
		{D1ED2A96-8D04-4D05-BB3F-9E3C3B5879D9}.Debug|Any CPU.ActiveCfg = Debug|Any CPU
		{D1ED2A96-8D04-4D05-BB3F-9E3C3B5879D9}.Debug|Any CPU.Build.0 = Debug|Any CPU
		{D1ED2A96-8D04-4D05-BB3F-9E3C3B5879D9}.Release|Any CPU.ActiveCfg = Release|Any CPU
		{D1ED2A96-8D04-4D05-BB3F-9E3C3B5879D9}.Release|Any CPU.Build.0 = Release|Any CPU
		{900D68BB-B387-4818-AB97-768F1D15B0AA}.Debug|Any CPU.ActiveCfg = Debug|Any CPU
		{900D68BB-B387-4818-AB97-768F1D15B0AA}.Debug|Any CPU.Build.0 = Debug|Any CPU
		{900D68BB-B387-4818-AB97-768F1D15B0AA}.Release|Any CPU.ActiveCfg = Release|Any CPU
		{900D68BB-B387-4818-AB97-768F1D15B0AA}.Release|Any CPU.Build.0 = Release|Any CPU
	EndGlobalSection
	GlobalSection(SolutionProperties) = preSolution
		HideSolutionNode = FALSE
	EndGlobalSection
EndGlobal
